// !$*UTF8*$!
{
	archiveVersion = 1;
	classes = {
	};
	objectVersion = 56;
	objects = {

/* Begin PBXBuildFile section */
		27B2E2D929E35A5800FC50BE /* MealsResponse.swift in Sources */ = {isa = PBXBuildFile; fileRef = 27B2E2D829E35A5800FC50BE /* MealsResponse.swift */; };
		64F1A83429E2DC990026B6FF /* ReduxRecipeApp.swift in Sources */ = {isa = PBXBuildFile; fileRef = 64F1A83329E2DC990026B6FF /* ReduxRecipeApp.swift */; };
		64F1A83629E2DC990026B6FF /* MealContentView.swift in Sources */ = {isa = PBXBuildFile; fileRef = 64F1A83529E2DC990026B6FF /* MealContentView.swift */; };
		64F1A83829E2DC990026B6FF /* Assets.xcassets in Resources */ = {isa = PBXBuildFile; fileRef = 64F1A83729E2DC990026B6FF /* Assets.xcassets */; };
		64F1A83B29E2DC990026B6FF /* Preview Assets.xcassets in Resources */ = {isa = PBXBuildFile; fileRef = 64F1A83A29E2DC990026B6FF /* Preview Assets.xcassets */; };
		64F1A84329E2DCB60026B6FF /* ReSwift in Frameworks */ = {isa = PBXBuildFile; productRef = 64F1A84229E2DCB60026B6FF /* ReSwift */; };
		64F1A84D29E2FA490026B6FF /* MealDetailView.swift in Sources */ = {isa = PBXBuildFile; fileRef = 64F1A84C29E2FA490026B6FF /* MealDetailView.swift */; };
		64F1A84F29E2FA640026B6FF /* ImageLoader.swift in Sources */ = {isa = PBXBuildFile; fileRef = 64F1A84E29E2FA640026B6FF /* ImageLoader.swift */; };
		64F1A85129E2FA940026B6FF /* RemoteImage.swift in Sources */ = {isa = PBXBuildFile; fileRef = 64F1A85029E2FA940026B6FF /* RemoteImage.swift */; };
		64F1A85329E2FAB20026B6FF /* MealViewModel.swift in Sources */ = {isa = PBXBuildFile; fileRef = 64F1A85229E2FAB20026B6FF /* MealViewModel.swift */; };
		64F1A85529E2FACC0026B6FF /* mealReducer.swift in Sources */ = {isa = PBXBuildFile; fileRef = 64F1A85429E2FACC0026B6FF /* mealReducer.swift */; };
		64F1A85729E2FAE50026B6FF /* Store.swift in Sources */ = {isa = PBXBuildFile; fileRef = 64F1A85629E2FAE50026B6FF /* Store.swift */; };
		64F1A85929E2FAFA0026B6FF /* MealAction.swift in Sources */ = {isa = PBXBuildFile; fileRef = 64F1A85829E2FAFA0026B6FF /* MealAction.swift */; };
		64F1A85D29E2FB210026B6FF /* Appstate.swift in Sources */ = {isa = PBXBuildFile; fileRef = 64F1A85C29E2FB210026B6FF /* Appstate.swift */; };
		64F1A85F29E2FB500026B6FF /* Meal.swift in Sources */ = {isa = PBXBuildFile; fileRef = 64F1A85E29E2FB500026B6FF /* Meal.swift */; };
/* End PBXBuildFile section */

/* Begin PBXFileReference section */
		27B2E2D829E35A5800FC50BE /* MealsResponse.swift */ = {isa = PBXFileReference; lastKnownFileType = sourcecode.swift; path = MealsResponse.swift; sourceTree = "<group>"; };
		64F1A83029E2DC990026B6FF /* ReduxRecipeApp.app */ = {isa = PBXFileReference; explicitFileType = wrapper.application; includeInIndex = 0; path = ReduxRecipeApp.app; sourceTree = BUILT_PRODUCTS_DIR; };
		64F1A83329E2DC990026B6FF /* ReduxRecipeApp.swift */ = {isa = PBXFileReference; lastKnownFileType = sourcecode.swift; path = ReduxRecipeApp.swift; sourceTree = "<group>"; };
		64F1A83529E2DC990026B6FF /* MealContentView.swift */ = {isa = PBXFileReference; lastKnownFileType = sourcecode.swift; path = MealContentView.swift; sourceTree = "<group>"; };
		64F1A83729E2DC990026B6FF /* Assets.xcassets */ = {isa = PBXFileReference; lastKnownFileType = folder.assetcatalog; path = Assets.xcassets; sourceTree = "<group>"; };
		64F1A83A29E2DC990026B6FF /* Preview Assets.xcassets */ = {isa = PBXFileReference; lastKnownFileType = folder.assetcatalog; path = "Preview Assets.xcassets"; sourceTree = "<group>"; };
		64F1A84C29E2FA490026B6FF /* MealDetailView.swift */ = {isa = PBXFileReference; lastKnownFileType = sourcecode.swift; path = MealDetailView.swift; sourceTree = "<group>"; };
		64F1A84E29E2FA640026B6FF /* ImageLoader.swift */ = {isa = PBXFileReference; lastKnownFileType = sourcecode.swift; path = ImageLoader.swift; sourceTree = "<group>"; };
		64F1A85029E2FA940026B6FF /* RemoteImage.swift */ = {isa = PBXFileReference; lastKnownFileType = sourcecode.swift; path = RemoteImage.swift; sourceTree = "<group>"; };
		64F1A85229E2FAB20026B6FF /* MealViewModel.swift */ = {isa = PBXFileReference; lastKnownFileType = sourcecode.swift; path = MealViewModel.swift; sourceTree = "<group>"; };
		64F1A85429E2FACC0026B6FF /* mealReducer.swift */ = {isa = PBXFileReference; lastKnownFileType = sourcecode.swift; path = mealReducer.swift; sourceTree = "<group>"; };
		64F1A85629E2FAE50026B6FF /* Store.swift */ = {isa = PBXFileReference; lastKnownFileType = sourcecode.swift; path = Store.swift; sourceTree = "<group>"; };
		64F1A85829E2FAFA0026B6FF /* MealAction.swift */ = {isa = PBXFileReference; lastKnownFileType = sourcecode.swift; path = MealAction.swift; sourceTree = "<group>"; };
		64F1A85C29E2FB210026B6FF /* Appstate.swift */ = {isa = PBXFileReference; lastKnownFileType = sourcecode.swift; path = Appstate.swift; sourceTree = "<group>"; };
		64F1A85E29E2FB500026B6FF /* Meal.swift */ = {isa = PBXFileReference; lastKnownFileType = sourcecode.swift; path = Meal.swift; sourceTree = "<group>"; };
/* End PBXFileReference section */

/* Begin PBXFrameworksBuildPhase section */
		64F1A82D29E2DC990026B6FF /* Frameworks */ = {
			isa = PBXFrameworksBuildPhase;
			buildActionMask = 2147483647;
			files = (
				64F1A84329E2DCB60026B6FF /* ReSwift in Frameworks */,
			);
			runOnlyForDeploymentPostprocessing = 0;
		};
/* End PBXFrameworksBuildPhase section */

/* Begin PBXGroup section */
		64F1A82729E2DC980026B6FF = {
			isa = PBXGroup;
			children = (
				64F1A83229E2DC990026B6FF /* ReduxRecipeApp */,
				64F1A83129E2DC990026B6FF /* Products */,
			);
			sourceTree = "<group>";
		};
		64F1A83129E2DC990026B6FF /* Products */ = {
			isa = PBXGroup;
			children = (
				64F1A83029E2DC990026B6FF /* ReduxRecipeApp.app */,
			);
			name = Products;
			sourceTree = "<group>";
		};
		64F1A83229E2DC990026B6FF /* ReduxRecipeApp */ = {
			isa = PBXGroup;
			children = (
				64F1A85B29E2FB150026B6FF /* Appstate */,
				64F1A84B29E2FA170026B6FF /* Subsystems */,
				64F1A84A29E2FA100026B6FF /* Views */,
				64F1A84929E2FA090026B6FF /* ViewModel */,
				64F1A84829E2F9EB0026B6FF /* Store */,
				64F1A84729E2F9E40026B6FF /* Reducer */,
				64F1A84629E2F9DF0026B6FF /* Action */,
				64F1A84429E2F9CC0026B6FF /* Model */,
				64F1A83329E2DC990026B6FF /* ReduxRecipeApp.swift */,
				64F1A83729E2DC990026B6FF /* Assets.xcassets */,
				64F1A83929E2DC990026B6FF /* Preview Content */,
			);
			path = ReduxRecipeApp;
			sourceTree = "<group>";
		};
		64F1A83929E2DC990026B6FF /* Preview Content */ = {
			isa = PBXGroup;
			children = (
				64F1A83A29E2DC990026B6FF /* Preview Assets.xcassets */,
			);
			path = "Preview Content";
			sourceTree = "<group>";
		};
		64F1A84429E2F9CC0026B6FF /* Model */ = {
			isa = PBXGroup;
			children = (
				64F1A85E29E2FB500026B6FF /* Meal.swift */,
				27B2E2D829E35A5800FC50BE /* MealsResponse.swift */,
			);
			path = Model;
			sourceTree = "<group>";
		};
		64F1A84529E2F9D50026B6FF /* Networking */ = {
			isa = PBXGroup;
			children = (
				64F1A84E29E2FA640026B6FF /* ImageLoader.swift */,
			);
			path = Networking;
			sourceTree = "<group>";
		};
		64F1A84629E2F9DF0026B6FF /* Action */ = {
			isa = PBXGroup;
			children = (
				64F1A85829E2FAFA0026B6FF /* MealAction.swift */,
			);
			path = Action;
			sourceTree = "<group>";
		};
		64F1A84729E2F9E40026B6FF /* Reducer */ = {
			isa = PBXGroup;
			children = (
				64F1A85429E2FACC0026B6FF /* mealReducer.swift */,
			);
			path = Reducer;
			sourceTree = "<group>";
		};
		64F1A84829E2F9EB0026B6FF /* Store */ = {
			isa = PBXGroup;
			children = (
				64F1A85629E2FAE50026B6FF /* Store.swift */,
			);
			path = Store;
			sourceTree = "<group>";
		};
		64F1A84929E2FA090026B6FF /* ViewModel */ = {
			isa = PBXGroup;
			children = (
				64F1A85229E2FAB20026B6FF /* MealViewModel.swift */,
			);
			path = ViewModel;
			sourceTree = "<group>";
		};
		64F1A84A29E2FA100026B6FF /* Views */ = {
			isa = PBXGroup;
			children = (
				64F1A83529E2DC990026B6FF /* MealContentView.swift */,
				64F1A84C29E2FA490026B6FF /* MealDetailView.swift */,
				64F1A85029E2FA940026B6FF /* RemoteImage.swift */,
			);
			path = Views;
			sourceTree = "<group>";
		};
		64F1A84B29E2FA170026B6FF /* Subsystems */ = {
			isa = PBXGroup;
			children = (
				64F1A84529E2F9D50026B6FF /* Networking */,
			);
			path = Subsystems;
			sourceTree = "<group>";
		};
		64F1A85B29E2FB150026B6FF /* Appstate */ = {
			isa = PBXGroup;
			children = (
				64F1A85C29E2FB210026B6FF /* Appstate.swift */,
			);
			path = Appstate;
			sourceTree = "<group>";
		};
/* End PBXGroup section */

/* Begin PBXNativeTarget section */
		64F1A82F29E2DC990026B6FF /* ReduxRecipeApp */ = {
			isa = PBXNativeTarget;
			buildConfigurationList = 64F1A83E29E2DC990026B6FF /* Build configuration list for PBXNativeTarget "ReduxRecipeApp" */;
			buildPhases = (
				64F1A82C29E2DC990026B6FF /* Sources */,
				64F1A82D29E2DC990026B6FF /* Frameworks */,
				64F1A82E29E2DC990026B6FF /* Resources */,
			);
			buildRules = (
			);
			dependencies = (
			);
			name = ReduxRecipeApp;
			packageProductDependencies = (
				64F1A84229E2DCB60026B6FF /* ReSwift */,
			);
			productName = ReduxRecipeApp;
			productReference = 64F1A83029E2DC990026B6FF /* ReduxRecipeApp.app */;
			productType = "com.apple.product-type.application";
		};
/* End PBXNativeTarget section */

/* Begin PBXProject section */
		64F1A82829E2DC980026B6FF /* Project object */ = {
			isa = PBXProject;
			attributes = {
				BuildIndependentTargetsInParallel = 1;
				LastSwiftUpdateCheck = 1420;
				LastUpgradeCheck = 1420;
				TargetAttributes = {
					64F1A82F29E2DC990026B6FF = {
						CreatedOnToolsVersion = 14.2;
					};
				};
			};
			buildConfigurationList = 64F1A82B29E2DC980026B6FF /* Build configuration list for PBXProject "ReduxRecipeApp" */;
			compatibilityVersion = "Xcode 14.0";
			developmentRegion = en;
			hasScannedForEncodings = 0;
			knownRegions = (
				en,
				Base,
			);
			mainGroup = 64F1A82729E2DC980026B6FF;
			packageReferences = (
				64F1A84129E2DCB60026B6FF /* XCRemoteSwiftPackageReference "ReSwift" */,
			);
			productRefGroup = 64F1A83129E2DC990026B6FF /* Products */;
			projectDirPath = "";
			projectRoot = "";
			targets = (
				64F1A82F29E2DC990026B6FF /* ReduxRecipeApp */,
			);
		};
/* End PBXProject section */

/* Begin PBXResourcesBuildPhase section */
		64F1A82E29E2DC990026B6FF /* Resources */ = {
			isa = PBXResourcesBuildPhase;
			buildActionMask = 2147483647;
			files = (
				64F1A83B29E2DC990026B6FF /* Preview Assets.xcassets in Resources */,
				64F1A83829E2DC990026B6FF /* Assets.xcassets in Resources */,
			);
			runOnlyForDeploymentPostprocessing = 0;
		};
/* End PBXResourcesBuildPhase section */

/* Begin PBXSourcesBuildPhase section */
		64F1A82C29E2DC990026B6FF /* Sources */ = {
			isa = PBXSourcesBuildPhase;
			buildActionMask = 2147483647;
			files = (
				64F1A83629E2DC990026B6FF /* MealContentView.swift in Sources */,
				64F1A84F29E2FA640026B6FF /* ImageLoader.swift in Sources */,
				64F1A84D29E2FA490026B6FF /* MealDetailView.swift in Sources */,
				64F1A85D29E2FB210026B6FF /* Appstate.swift in Sources */,
				64F1A85F29E2FB500026B6FF /* Meal.swift in Sources */,
				64F1A85729E2FAE50026B6FF /* Store.swift in Sources */,
				64F1A85129E2FA940026B6FF /* RemoteImage.swift in Sources */,
				64F1A85529E2FACC0026B6FF /* mealReducer.swift in Sources */,
				64F1A85929E2FAFA0026B6FF /* MealAction.swift in Sources */,
				64F1A85329E2FAB20026B6FF /* MealViewModel.swift in Sources */,
				64F1A83429E2DC990026B6FF /* ReduxRecipeApp.swift in Sources */,
				27B2E2D929E35A5800FC50BE /* MealsResponse.swift in Sources */,
			);
			runOnlyForDeploymentPostprocessing = 0;
		};
/* End PBXSourcesBuildPhase section */

/* Begin XCBuildConfiguration section */
		64F1A83C29E2DC990026B6FF /* Debug */ = {
			isa = XCBuildConfiguration;
			buildSettings = {
				ALWAYS_SEARCH_USER_PATHS = NO;
				CLANG_ANALYZER_NONNULL = YES;
				CLANG_ANALYZER_NUMBER_OBJECT_CONVERSION = YES_AGGRESSIVE;
				CLANG_CXX_LANGUAGE_STANDARD = "gnu++20";
				CLANG_ENABLE_MODULES = YES;
				CLANG_ENABLE_OBJC_ARC = YES;
				CLANG_ENABLE_OBJC_WEAK = YES;
				CLANG_WARN_BLOCK_CAPTURE_AUTORELEASING = YES;
				CLANG_WARN_BOOL_CONVERSION = YES;
				CLANG_WARN_COMMA = YES;
				CLANG_WARN_CONSTANT_CONVERSION = YES;
				CLANG_WARN_DEPRECATED_OBJC_IMPLEMENTATIONS = YES;
				CLANG_WARN_DIRECT_OBJC_ISA_USAGE = YES_ERROR;
				CLANG_WARN_DOCUMENTATION_COMMENTS = YES;
				CLANG_WARN_EMPTY_BODY = YES;
				CLANG_WARN_ENUM_CONVERSION = YES;
				CLANG_WARN_INFINITE_RECURSION = YES;
				CLANG_WARN_INT_CONVERSION = YES;
				CLANG_WARN_NON_LITERAL_NULL_CONVERSION = YES;
				CLANG_WARN_OBJC_IMPLICIT_RETAIN_SELF = YES;
				CLANG_WARN_OBJC_LITERAL_CONVERSION = YES;
				CLANG_WARN_OBJC_ROOT_CLASS = YES_ERROR;
				CLANG_WARN_QUOTED_INCLUDE_IN_FRAMEWORK_HEADER = YES;
				CLANG_WARN_RANGE_LOOP_ANALYSIS = YES;
				CLANG_WARN_STRICT_PROTOTYPES = YES;
				CLANG_WARN_SUSPICIOUS_MOVE = YES;
				CLANG_WARN_UNGUARDED_AVAILABILITY = YES_AGGRESSIVE;
				CLANG_WARN_UNREACHABLE_CODE = YES;
				CLANG_WARN__DUPLICATE_METHOD_MATCH = YES;
				COPY_PHASE_STRIP = NO;
				DEBUG_INFORMATION_FORMAT = dwarf;
				ENABLE_STRICT_OBJC_MSGSEND = YES;
				ENABLE_TESTABILITY = YES;
				GCC_C_LANGUAGE_STANDARD = gnu11;
				GCC_DYNAMIC_NO_PIC = NO;
				GCC_NO_COMMON_BLOCKS = YES;
				GCC_OPTIMIZATION_LEVEL = 0;
				GCC_PREPROCESSOR_DEFINITIONS = (
					"DEBUG=1",
					"$(inherited)",
				);
				GCC_WARN_64_TO_32_BIT_CONVERSION = YES;
				GCC_WARN_ABOUT_RETURN_TYPE = YES_ERROR;
				GCC_WARN_UNDECLARED_SELECTOR = YES;
				GCC_WARN_UNINITIALIZED_AUTOS = YES_AGGRESSIVE;
				GCC_WARN_UNUSED_FUNCTION = YES;
				GCC_WARN_UNUSED_VARIABLE = YES;
				IPHONEOS_DEPLOYMENT_TARGET = 16.2;
				MTL_ENABLE_DEBUG_INFO = INCLUDE_SOURCE;
				MTL_FAST_MATH = YES;
				ONLY_ACTIVE_ARCH = YES;
				SDKROOT = iphoneos;
				SWIFT_ACTIVE_COMPILATION_CONDITIONS = DEBUG;
				SWIFT_OPTIMIZATION_LEVEL = "-Onone";
			};
			name = Debug;
		};
		64F1A83D29E2DC990026B6FF /* Release */ = {
			isa = XCBuildConfiguration;
			buildSettings = {
				ALWAYS_SEARCH_USER_PATHS = NO;
				CLANG_ANALYZER_NONNULL = YES;
				CLANG_ANALYZER_NUMBER_OBJECT_CONVERSION = YES_AGGRESSIVE;
				CLANG_CXX_LANGUAGE_STANDARD = "gnu++20";
				CLANG_ENABLE_MODULES = YES;
				CLANG_ENABLE_OBJC_ARC = YES;
				CLANG_ENABLE_OBJC_WEAK = YES;
				CLANG_WARN_BLOCK_CAPTURE_AUTORELEASING = YES;
				CLANG_WARN_BOOL_CONVERSION = YES;
				CLANG_WARN_COMMA = YES;
				CLANG_WARN_CONSTANT_CONVERSION = YES;
				CLANG_WARN_DEPRECATED_OBJC_IMPLEMENTATIONS = YES;
				CLANG_WARN_DIRECT_OBJC_ISA_USAGE = YES_ERROR;
				CLANG_WARN_DOCUMENTATION_COMMENTS = YES;
				CLANG_WARN_EMPTY_BODY = YES;
				CLANG_WARN_ENUM_CONVERSION = YES;
				CLANG_WARN_INFINITE_RECURSION = YES;
				CLANG_WARN_INT_CONVERSION = YES;
				CLANG_WARN_NON_LITERAL_NULL_CONVERSION = YES;
				CLANG_WARN_OBJC_IMPLICIT_RETAIN_SELF = YES;
				CLANG_WARN_OBJC_LITERAL_CONVERSION = YES;
				CLANG_WARN_OBJC_ROOT_CLASS = YES_ERROR;
				CLANG_WARN_QUOTED_INCLUDE_IN_FRAMEWORK_HEADER = YES;
				CLANG_WARN_RANGE_LOOP_ANALYSIS = YES;
				CLANG_WARN_STRICT_PROTOTYPES = YES;
				CLANG_WARN_SUSPICIOUS_MOVE = YES;
				CLANG_WARN_UNGUARDED_AVAILABILITY = YES_AGGRESSIVE;
				CLANG_WARN_UNREACHABLE_CODE = YES;
				CLANG_WARN__DUPLICATE_METHOD_MATCH = YES;
				COPY_PHASE_STRIP = NO;
				DEBUG_INFORMATION_FORMAT = "dwarf-with-dsym";
				ENABLE_NS_ASSERTIONS = NO;
				ENABLE_STRICT_OBJC_MSGSEND = YES;
				GCC_C_LANGUAGE_STANDARD = gnu11;
				GCC_NO_COMMON_BLOCKS = YES;
				GCC_WARN_64_TO_32_BIT_CONVERSION = YES;
				GCC_WARN_ABOUT_RETURN_TYPE = YES_ERROR;
				GCC_WARN_UNDECLARED_SELECTOR = YES;
				GCC_WARN_UNINITIALIZED_AUTOS = YES_AGGRESSIVE;
				GCC_WARN_UNUSED_FUNCTION = YES;
				GCC_WARN_UNUSED_VARIABLE = YES;
				IPHONEOS_DEPLOYMENT_TARGET = 16.2;
				MTL_ENABLE_DEBUG_INFO = NO;
				MTL_FAST_MATH = YES;
				SDKROOT = iphoneos;
				SWIFT_COMPILATION_MODE = wholemodule;
				SWIFT_OPTIMIZATION_LEVEL = "-O";
				VALIDATE_PRODUCT = YES;
			};
			name = Release;
		};
		64F1A83F29E2DC990026B6FF /* Debug */ = {
			isa = XCBuildConfiguration;
			buildSettings = {
				ASSETCATALOG_COMPILER_APPICON_NAME = AppIcon;
				ASSETCATALOG_COMPILER_GLOBAL_ACCENT_COLOR_NAME = AccentColor;
				CODE_SIGN_STYLE = Automatic;
				CURRENT_PROJECT_VERSION = 1;
				DEVELOPMENT_ASSET_PATHS = "\"ReduxRecipeApp/Preview Content\"";
				DEVELOPMENT_TEAM = FHN8RU94TU;
				ENABLE_PREVIEWS = YES;
				GENERATE_INFOPLIST_FILE = YES;
				INFOPLIST_KEY_UIApplicationSceneManifest_Generation = YES;
				INFOPLIST_KEY_UIApplicationSupportsIndirectInputEvents = YES;
				INFOPLIST_KEY_UILaunchScreen_Generation = YES;
				INFOPLIST_KEY_UISupportedInterfaceOrientations_iPad = "UIInterfaceOrientationPortrait UIInterfaceOrientationPortraitUpsideDown UIInterfaceOrientationLandscapeLeft UIInterfaceOrientationLandscapeRight";
				INFOPLIST_KEY_UISupportedInterfaceOrientations_iPhone = "UIInterfaceOrientationPortrait UIInterfaceOrientationLandscapeLeft UIInterfaceOrientationLandscapeRight";
				LD_RUNPATH_SEARCH_PATHS = (
					"$(inherited)",
					"@executable_path/Frameworks",
				);
				MARKETING_VERSION = 1.0;
				PRODUCT_BUNDLE_IDENTIFIER = swiftui.elements.com.ReduxRecipeApp;
				PRODUCT_NAME = "$(TARGET_NAME)";
				SWIFT_EMIT_LOC_STRINGS = YES;
				SWIFT_VERSION = 5.0;
				TARGETED_DEVICE_FAMILY = "1,2";
			};
			name = Debug;
		};
		64F1A84029E2DC990026B6FF /* Release */ = {
			isa = XCBuildConfiguration;
			buildSettings = {
				ASSETCATALOG_COMPILER_APPICON_NAME = AppIcon;
				ASSETCATALOG_COMPILER_GLOBAL_ACCENT_COLOR_NAME = AccentColor;
				CODE_SIGN_STYLE = Automatic;
				CURRENT_PROJECT_VERSION = 1;
				DEVELOPMENT_ASSET_PATHS = "\"ReduxRecipeApp/Preview Content\"";
				DEVELOPMENT_TEAM = FHN8RU94TU;
				ENABLE_PREVIEWS = YES;
				GENERATE_INFOPLIST_FILE = YES;
				INFOPLIST_KEY_UIApplicationSceneManifest_Generation = YES;
				INFOPLIST_KEY_UIApplicationSupportsIndirectInputEvents = YES;
				INFOPLIST_KEY_UILaunchScreen_Generation = YES;
				INFOPLIST_KEY_UISupportedInterfaceOrientations_iPad = "UIInterfaceOrientationPortrait UIInterfaceOrientationPortraitUpsideDown UIInterfaceOrientationLandscapeLeft UIInterfaceOrientationLandscapeRight";
				INFOPLIST_KEY_UISupportedInterfaceOrientations_iPhone = "UIInterfaceOrientationPortrait UIInterfaceOrientationLandscapeLeft UIInterfaceOrientationLandscapeRight";
				LD_RUNPATH_SEARCH_PATHS = (
					"$(inherited)",
					"@executable_path/Frameworks",
				);
				MARKETING_VERSION = 1.0;
				PRODUCT_BUNDLE_IDENTIFIER = swiftui.elements.com.ReduxRecipeApp;
				PRODUCT_NAME = "$(TARGET_NAME)";
				SWIFT_EMIT_LOC_STRINGS = YES;
				SWIFT_VERSION = 5.0;
				TARGETED_DEVICE_FAMILY = "1,2";
			};
			name = Release;
		};
/* End XCBuildConfiguration section */

/* Begin XCConfigurationList section */
		64F1A82B29E2DC980026B6FF /* Build configuration list for PBXProject "ReduxRecipeApp" */ = {
			isa = XCConfigurationList;
			buildConfigurations = (
				64F1A83C29E2DC990026B6FF /* Debug */,
				64F1A83D29E2DC990026B6FF /* Release */,
			);
			defaultConfigurationIsVisible = 0;
			defaultConfigurationName = Release;
		};
		64F1A83E29E2DC990026B6FF /* Build configuration list for PBXNativeTarget "ReduxRecipeApp" */ = {
			isa = XCConfigurationList;
			buildConfigurations = (
				64F1A83F29E2DC990026B6FF /* Debug */,
				64F1A84029E2DC990026B6FF /* Release */,
			);
			defaultConfigurationIsVisible = 0;
			defaultConfigurationName = Release;
		};
/* End XCConfigurationList section */

/* Begin XCRemoteSwiftPackageReference section */
		64F1A84129E2DCB60026B6FF /* XCRemoteSwiftPackageReference "ReSwift" */ = {
			isa = XCRemoteSwiftPackageReference;
			repositoryURL = "https://github.com/ReSwift/ReSwift.git";
			requirement = {
				branch = master;
				kind = branch;
			};
		};
/* End XCRemoteSwiftPackageReference section */

/* Begin XCSwiftPackageProductDependency section */
		64F1A84229E2DCB60026B6FF /* ReSwift */ = {
			isa = XCSwiftPackageProductDependency;
			package = 64F1A84129E2DCB60026B6FF /* XCRemoteSwiftPackageReference "ReSwift" */;
			productName = ReSwift;
		};
/* End XCSwiftPackageProductDependency section */
	};
	rootObject = 64F1A82829E2DC980026B6FF /* Project object */;
}
